
Microsoft Visual Studio Solution File, Format Version 12.00
# Visual Studio Version 17
VisualStudioVersion = 17.13.35825.156 d17.13
MinimumVisualStudioVersion = 10.0.40219.1
Project("{FAE04EC0-301F-11D3-BF4B-00C04F79EFBC}") = "Optimus_byte", "Optimus_byte\Optimus_byte.csproj", "{0131915C-3C30-4147-87B6-610DDFFAED0E}"
EndProject
Global
	GlobalSection(SolutionConfigurationPlatforms) = preSolution
		Debug|Any CPU = Debug|Any CPU
		Release|Any CPU = Release|Any CPU
	EndGlobalSection
	GlobalSection(ProjectConfigurationPlatforms) = postSolution
		{0131915C-3C30-4147-87B6-610DDFFAED0E}.Debug|Any CPU.ActiveCfg = Debug|Any CPU
		{0131915C-3C30-4147-87B6-610DDFFAED0E}.Debug|Any CPU.Build.0 = Debug|Any CPU
		{0131915C-3C30-4147-87B6-610DDFFAED0E}.Release|Any CPU.ActiveCfg = Release|Any CPU
		{0131915C-3C30-4147-87B6-610DDFFAED0E}.Release|Any CPU.Build.0 = Release|Any CPU
	EndGlobalSection
	GlobalSection(SolutionProperties) = preSolution
		HideSolutionNode = FALSE
	EndGlobalSection
	GlobalSection(ExtensibilityGlobals) = postSolution
		SolutionGuid = {8A3336DA-CE3D-4D52-B47D-94BAAC6CA00A}
	EndGlobalSection
EndGlobal
